// !$*UTF8*$!
{
	archiveVersion = 1;
	classes = {
	};
	objectVersion = 55;
	objects = {

/* Begin PBXBuildFile section */
		CC96AD532850CD7300F916BD /* Assets.xcassets in Resources */ = {isa = PBXBuildFile; fileRef = CC96AD4C2850CD7300F916BD /* Assets.xcassets */; };
		CC96AD542850CD7300F916BD /* Main.storyboard in Resources */ = {isa = PBXBuildFile; fileRef = CC96AD4D2850CD7300F916BD /* Main.storyboard */; };
		CC96AD552850CD7300F916BD /* background.wav in Resources */ = {isa = PBXBuildFile; fileRef = CC96AD4F2850CD7300F916BD /* background.wav */; };
		CC96AD562850CD7300F916BD /* hit-sound-high.wav in Resources */ = {isa = PBXBuildFile; fileRef = CC96AD502850CD7300F916BD /* hit-sound-high.wav */; };
		CC96AD572850CD7300F916BD /* hit-sound-low.wav in Resources */ = {isa = PBXBuildFile; fileRef = CC96AD512850CD7300F916BD /* hit-sound-low.wav */; };
		CC96AD582850CD7300F916BD /* hit-sound-mid.wav in Resources */ = {isa = PBXBuildFile; fileRef = CC96AD522850CD7300F916BD /* hit-sound-mid.wav */; };
		CC96AD5B2850D21B00F916BD /* ViewController+BallHit.swift in Sources */ = {isa = PBXBuildFile; fileRef = CC96AD5A2850D21B00F916BD /* ViewController+BallHit.swift */; };
		CC96AD5D2850D2DD00F916BD /* ViewController+EnemyPaddleBehavior.swift in Sources */ = {isa = PBXBuildFile; fileRef = CC96AD5C2850D2DD00F916BD /* ViewController+EnemyPaddleBehavior.swift */; };
		CCDEC3C0284FD59A0034851B /* AppDelegate.swift in Sources */ = {isa = PBXBuildFile; fileRef = CCDEC3BF284FD59A0034851B /* AppDelegate.swift */; };
		CCDEC3C2284FD59A0034851B /* SceneDelegate.swift in Sources */ = {isa = PBXBuildFile; fileRef = CCDEC3C1284FD59A0034851B /* SceneDelegate.swift */; };
		CCDEC3C4284FD59A0034851B /* ViewController.swift in Sources */ = {isa = PBXBuildFile; fileRef = CCDEC3C3284FD59A0034851B /* ViewController.swift */; };
		CCDEC3C7284FD59A0034851B /* Main.storyboard in Resources */ = {isa = PBXBuildFile; fileRef = CCDEC3C5284FD59A0034851B /* Main.storyboard */; };
		CCDEC3C9284FD59D0034851B /* Assets.xcassets in Resources */ = {isa = PBXBuildFile; fileRef = CCDEC3C8284FD59D0034851B /* Assets.xcassets */; };
		CCDEC3CC284FD59D0034851B /* LaunchScreen.storyboard in Resources */ = {isa = PBXBuildFile; fileRef = CCDEC3CA284FD59D0034851B /* LaunchScreen.storyboard */; };
/* End PBXBuildFile section */

/* Begin PBXFileReference section */
		CC96AD4C2850CD7300F916BD /* Assets.xcassets */ = {isa = PBXFileReference; lastKnownFileType = folder.assetcatalog; path = Assets.xcassets; sourceTree = "<group>"; };
		CC96AD4D2850CD7300F916BD /* Main.storyboard */ = {isa = PBXFileReference; fileEncoding = 4; lastKnownFileType = file.storyboard; path = Main.storyboard; sourceTree = "<group>"; };
		CC96AD4F2850CD7300F916BD /* background.wav */ = {isa = PBXFileReference; lastKnownFileType = audio.wav; path = background.wav; sourceTree = "<group>"; };
		CC96AD502850CD7300F916BD /* hit-sound-high.wav */ = {isa = PBXFileReference; lastKnownFileType = audio.wav; path = "hit-sound-high.wav"; sourceTree = "<group>"; };
		CC96AD512850CD7300F916BD /* hit-sound-low.wav */ = {isa = PBXFileReference; lastKnownFileType = audio.wav; path = "hit-sound-low.wav"; sourceTree = "<group>"; };
		CC96AD522850CD7300F916BD /* hit-sound-mid.wav */ = {isa = PBXFileReference; lastKnownFileType = audio.wav; path = "hit-sound-mid.wav"; sourceTree = "<group>"; };
		CC96AD5A2850D21B00F916BD /* ViewController+BallHit.swift */ = {isa = PBXFileReference; lastKnownFileType = sourcecode.swift; path = "ViewController+BallHit.swift"; sourceTree = "<group>"; };
		CC96AD5C2850D2DD00F916BD /* ViewController+EnemyPaddleBehavior.swift */ = {isa = PBXFileReference; lastKnownFileType = sourcecode.swift; path = "ViewController+EnemyPaddleBehavior.swift"; sourceTree = "<group>"; };
		CCDEC3BC284FD59A0034851B /* SimplePong.app */ = {isa = PBXFileReference; explicitFileType = wrapper.application; includeInIndex = 0; path = SimplePong.app; sourceTree = BUILT_PRODUCTS_DIR; };
		CCDEC3BF284FD59A0034851B /* AppDelegate.swift */ = {isa = PBXFileReference; lastKnownFileType = sourcecode.swift; path = AppDelegate.swift; sourceTree = "<group>"; };
		CCDEC3C1284FD59A0034851B /* SceneDelegate.swift */ = {isa = PBXFileReference; lastKnownFileType = sourcecode.swift; path = SceneDelegate.swift; sourceTree = "<group>"; };
		CCDEC3C3284FD59A0034851B /* ViewController.swift */ = {isa = PBXFileReference; lastKnownFileType = sourcecode.swift; path = ViewController.swift; sourceTree = "<group>"; };
		CCDEC3C6284FD59A0034851B /* Base */ = {isa = PBXFileReference; lastKnownFileType = file.storyboard; name = Base; path = Base.lproj/Main.storyboard; sourceTree = "<group>"; };
		CCDEC3C8284FD59D0034851B /* Assets.xcassets */ = {isa = PBXFileReference; lastKnownFileType = folder.assetcatalog; path = Assets.xcassets; sourceTree = "<group>"; };
		CCDEC3CB284FD59D0034851B /* Base */ = {isa = PBXFileReference; lastKnownFileType = file.storyboard; name = Base; path = Base.lproj/LaunchScreen.storyboard; sourceTree = "<group>"; };
		CCDEC3CD284FD59D0034851B /* Info.plist */ = {isa = PBXFileReference; lastKnownFileType = text.plist.xml; path = Info.plist; sourceTree = "<group>"; };
/* End PBXFileReference section */

/* Begin PBXFrameworksBuildPhase section */
		CCDEC3B9284FD59A0034851B /* Frameworks */ = {
			isa = PBXFrameworksBuildPhase;
			buildActionMask = 2147483647;
			files = (
			);
			runOnlyForDeploymentPostprocessing = 0;
		};
/* End PBXFrameworksBuildPhase section */

/* Begin PBXGroup section */
		CC96AD4B2850CD7300F916BD /* Resources */ = {
			isa = PBXGroup;
			children = (
				CC96AD4C2850CD7300F916BD /* Assets.xcassets */,
				CC96AD4D2850CD7300F916BD /* Main.storyboard */,
				CC96AD4E2850CD7300F916BD /* Sounds */,
			);
			path = Resources;
			sourceTree = "<group>";
		};
		CC96AD4E2850CD7300F916BD /* Sounds */ = {
			isa = PBXGroup;
			children = (
				CC96AD4F2850CD7300F916BD /* background.wav */,
				CC96AD502850CD7300F916BD /* hit-sound-high.wav */,
				CC96AD512850CD7300F916BD /* hit-sound-low.wav */,
				CC96AD522850CD7300F916BD /* hit-sound-mid.wav */,
			);
			path = Sounds;
			sourceTree = "<group>";
		};
		CC96AD592850D1BB00F916BD /* ViewControllerExtensions */ = {
			isa = PBXGroup;
			children = (
				CC96AD5A2850D21B00F916BD /* ViewController+BallHit.swift */,
				CC96AD5C2850D2DD00F916BD /* ViewController+EnemyPaddleBehavior.swift */,
			);
			path = ViewControllerExtensions;
			sourceTree = "<group>";
		};
		CCDEC3B3284FD59A0034851B = {
			isa = PBXGroup;
			children = (
				CCDEC3BE284FD59A0034851B /* SimplePong */,
				CCDEC3BD284FD59A0034851B /* Products */,
			);
			sourceTree = "<group>";
		};
		CCDEC3BD284FD59A0034851B /* Products */ = {
			isa = PBXGroup;
			children = (
				CCDEC3BC284FD59A0034851B /* SimplePong.app */,
			);
			name = Products;
			sourceTree = "<group>";
		};
		CCDEC3BE284FD59A0034851B /* SimplePong */ = {
			isa = PBXGroup;
			children = (
				CC96AD592850D1BB00F916BD /* ViewControllerExtensions */,
				CCDEC3BF284FD59A0034851B /* AppDelegate.swift */,
				CCDEC3C1284FD59A0034851B /* SceneDelegate.swift */,
				CCDEC3C3284FD59A0034851B /* ViewController.swift */,
				CCDEC3C5284FD59A0034851B /* Main.storyboard */,
				CCDEC3C8284FD59D0034851B /* Assets.xcassets */,
				CCDEC3CA284FD59D0034851B /* LaunchScreen.storyboard */,
				CCDEC3CD284FD59D0034851B /* Info.plist */,
				CC96AD4B2850CD7300F916BD /* Resources */,
			);
			path = SimplePong;
			sourceTree = "<group>";
		};
/* End PBXGroup section */

/* Begin PBXNativeTarget section */
		CCDEC3BB284FD59A0034851B /* SimplePong */ = {
			isa = PBXNativeTarget;
			buildConfigurationList = CCDEC3D0284FD59D0034851B /* Build configuration list for PBXNativeTarget "SimplePong" */;
			buildPhases = (
				CCDEC3B8284FD59A0034851B /* Sources */,
				CCDEC3B9284FD59A0034851B /* Frameworks */,
				CCDEC3BA284FD59A0034851B /* Resources */,
			);
			buildRules = (
			);
			dependencies = (
			);
			name = SimplePong;
			productName = SimplePong;
			productReference = CCDEC3BC284FD59A0034851B /* SimplePong.app */;
			productType = "com.apple.product-type.application";
		};
/* End PBXNativeTarget section */

/* Begin PBXProject section */
		CCDEC3B4284FD59A0034851B /* Project object */ = {
			isa = PBXProject;
			attributes = {
				BuildIndependentTargetsInParallel = 1;
				LastSwiftUpdateCheck = 1340;
				LastUpgradeCheck = 1340;
				TargetAttributes = {
					CCDEC3BB284FD59A0034851B = {
						CreatedOnToolsVersion = 13.4.1;
					};
				};
			};
			buildConfigurationList = CCDEC3B7284FD59A0034851B /* Build configuration list for PBXProject "SimplePong" */;
			compatibilityVersion = "Xcode 13.0";
			developmentRegion = en;
			hasScannedForEncodings = 0;
			knownRegions = (
				en,
				Base,
			);
			mainGroup = CCDEC3B3284FD59A0034851B;
			productRefGroup = CCDEC3BD284FD59A0034851B /* Products */;
			projectDirPath = "";
			projectRoot = "";
			targets = (
				CCDEC3BB284FD59A0034851B /* SimplePong */,
			);
		};
/* End PBXProject section */

/* Begin PBXResourcesBuildPhase section */
		CCDEC3BA284FD59A0034851B /* Resources */ = {
			isa = PBXResourcesBuildPhase;
			buildActionMask = 2147483647;
			files = (
				CCDEC3CC284FD59D0034851B /* LaunchScreen.storyboard in Resources */,
				CC96AD542850CD7300F916BD /* Main.storyboard in Resources */,
				CC96AD562850CD7300F916BD /* hit-sound-high.wav in Resources */,
				CC96AD552850CD7300F916BD /* background.wav in Resources */,
				CCDEC3C9284FD59D0034851B /* Assets.xcassets in Resources */,
				CC96AD582850CD7300F916BD /* hit-sound-mid.wav in Resources */,
				CC96AD532850CD7300F916BD /* Assets.xcassets in Resources */,
				CCDEC3C7284FD59A0034851B /* Main.storyboard in Resources */,
				CC96AD572850CD7300F916BD /* hit-sound-low.wav in Resources */,
			);
			runOnlyForDeploymentPostprocessing = 0;
		};
/* End PBXResourcesBuildPhase section */

/* Begin PBXSourcesBuildPhase section */
		CCDEC3B8284FD59A0034851B /* Sources */ = {
			isa = PBXSourcesBuildPhase;
			buildActionMask = 2147483647;
			files = (
				CCDEC3C4284FD59A0034851B /* ViewController.swift in Sources */,
				CCDEC3C0284FD59A0034851B /* AppDelegate.swift in Sources */,
				CC96AD5B2850D21B00F916BD /* ViewController+BallHit.swift in Sources */,
				CCDEC3C2284FD59A0034851B /* SceneDelegate.swift in Sources */,
				CC96AD5D2850D2DD00F916BD /* ViewController+EnemyPaddleBehavior.swift in Sources */,
			);
			runOnlyForDeploymentPostprocessing = 0;
		};
/* End PBXSourcesBuildPhase section */

/* Begin PBXVariantGroup section */
		CCDEC3C5284FD59A0034851B /* Main.storyboard */ = {
			isa = PBXVariantGroup;
			children = (
				CCDEC3C6284FD59A0034851B /* Base */,
			);
			name = Main.storyboard;
			sourceTree = "<group>";
		};
		CCDEC3CA284FD59D0034851B /* LaunchScreen.storyboard */ = {
			isa = PBXVariantGroup;
			children = (
				CCDEC3CB284FD59D0034851B /* Base */,
			);
			name = LaunchScreen.storyboard;
			sourceTree = "<group>";
		};
/* End PBXVariantGroup section */

/* Begin XCBuildConfiguration section */
		CCDEC3CE284FD59D0034851B /* Debug */ = {
			isa = XCBuildConfiguration;
			buildSettings = {
				ALWAYS_SEARCH_USER_PATHS = NO;
				CLANG_ANALYZER_NONNULL = YES;
				CLANG_ANALYZER_NUMBER_OBJECT_CONVERSION = YES_AGGRESSIVE;
				CLANG_CXX_LANGUAGE_STANDARD = "gnu++17";
				CLANG_ENABLE_MODULES = YES;
				CLANG_ENABLE_OBJC_ARC = YES;
				CLANG_ENABLE_OBJC_WEAK = YES;
				CLANG_WARN_BLOCK_CAPTURE_AUTORELEASING = YES;
				CLANG_WARN_BOOL_CONVERSION = YES;
				CLANG_WARN_COMMA = YES;
				CLANG_WARN_CONSTANT_CONVERSION = YES;
				CLANG_WARN_DEPRECATED_OBJC_IMPLEMENTATIONS = YES;
				CLANG_WARN_DIRECT_OBJC_ISA_USAGE = YES_ERROR;
				CLANG_WARN_DOCUMENTATION_COMMENTS = YES;
				CLANG_WARN_EMPTY_BODY = YES;
				CLANG_WARN_ENUM_CONVERSION = YES;
				CLANG_WARN_INFINITE_RECURSION = YES;
				CLANG_WARN_INT_CONVERSION = YES;
				CLANG_WARN_NON_LITERAL_NULL_CONVERSION = YES;
				CLANG_WARN_OBJC_IMPLICIT_RETAIN_SELF = YES;
				CLANG_WARN_OBJC_LITERAL_CONVERSION = YES;
				CLANG_WARN_OBJC_ROOT_CLASS = YES_ERROR;
				CLANG_WARN_QUOTED_INCLUDE_IN_FRAMEWORK_HEADER = YES;
				CLANG_WARN_RANGE_LOOP_ANALYSIS = YES;
				CLANG_WARN_STRICT_PROTOTYPES = YES;
				CLANG_WARN_SUSPICIOUS_MOVE = YES;
				CLANG_WARN_UNGUARDED_AVAILABILITY = YES_AGGRESSIVE;
				CLANG_WARN_UNREACHABLE_CODE = YES;
				CLANG_WARN__DUPLICATE_METHOD_MATCH = YES;
				COPY_PHASE_STRIP = NO;
				DEBUG_INFORMATION_FORMAT = dwarf;
				ENABLE_STRICT_OBJC_MSGSEND = YES;
				ENABLE_TESTABILITY = YES;
				GCC_C_LANGUAGE_STANDARD = gnu11;
				GCC_DYNAMIC_NO_PIC = NO;
				GCC_NO_COMMON_BLOCKS = YES;
				GCC_OPTIMIZATION_LEVEL = 0;
				GCC_PREPROCESSOR_DEFINITIONS = (
					"DEBUG=1",
					"$(inherited)",
				);
				GCC_WARN_64_TO_32_BIT_CONVERSION = YES;
				GCC_WARN_ABOUT_RETURN_TYPE = YES_ERROR;
				GCC_WARN_UNDECLARED_SELECTOR = YES;
				GCC_WARN_UNINITIALIZED_AUTOS = YES_AGGRESSIVE;
				GCC_WARN_UNUSED_FUNCTION = YES;
				GCC_WARN_UNUSED_VARIABLE = YES;
				IPHONEOS_DEPLOYMENT_TARGET = 15.5;
				MTL_ENABLE_DEBUG_INFO = INCLUDE_SOURCE;
				MTL_FAST_MATH = YES;
				ONLY_ACTIVE_ARCH = YES;
				SDKROOT = iphoneos;
				SWIFT_ACTIVE_COMPILATION_CONDITIONS = DEBUG;
				SWIFT_OPTIMIZATION_LEVEL = "-Onone";
			};
			name = Debug;
		};
		CCDEC3CF284FD59D0034851B /* Release */ = {
			isa = XCBuildConfiguration;
			buildSettings = {
				ALWAYS_SEARCH_USER_PATHS = NO;
				CLANG_ANALYZER_NONNULL = YES;
				CLANG_ANALYZER_NUMBER_OBJECT_CONVERSION = YES_AGGRESSIVE;
				CLANG_CXX_LANGUAGE_STANDARD = "gnu++17";
				CLANG_ENABLE_MODULES = YES;
				CLANG_ENABLE_OBJC_ARC = YES;
				CLANG_ENABLE_OBJC_WEAK = YES;
				CLANG_WARN_BLOCK_CAPTURE_AUTORELEASING = YES;
				CLANG_WARN_BOOL_CONVERSION = YES;
				CLANG_WARN_COMMA = YES;
				CLANG_WARN_CONSTANT_CONVERSION = YES;
				CLANG_WARN_DEPRECATED_OBJC_IMPLEMENTATIONS = YES;
				CLANG_WARN_DIRECT_OBJC_ISA_USAGE = YES_ERROR;
				CLANG_WARN_DOCUMENTATION_COMMENTS = YES;
				CLANG_WARN_EMPTY_BODY = YES;
				CLANG_WARN_ENUM_CONVERSION = YES;
				CLANG_WARN_INFINITE_RECURSION = YES;
				CLANG_WARN_INT_CONVERSION = YES;
				CLANG_WARN_NON_LITERAL_NULL_CONVERSION = YES;
				CLANG_WARN_OBJC_IMPLICIT_RETAIN_SELF = YES;
				CLANG_WARN_OBJC_LITERAL_CONVERSION = YES;
				CLANG_WARN_OBJC_ROOT_CLASS = YES_ERROR;
				CLANG_WARN_QUOTED_INCLUDE_IN_FRAMEWORK_HEADER = YES;
				CLANG_WARN_RANGE_LOOP_ANALYSIS = YES;
				CLANG_WARN_STRICT_PROTOTYPES = YES;
				CLANG_WARN_SUSPICIOUS_MOVE = YES;
				CLANG_WARN_UNGUARDED_AVAILABILITY = YES_AGGRESSIVE;
				CLANG_WARN_UNREACHABLE_CODE = YES;
				CLANG_WARN__DUPLICATE_METHOD_MATCH = YES;
				COPY_PHASE_STRIP = NO;
				DEBUG_INFORMATION_FORMAT = "dwarf-with-dsym";
				ENABLE_NS_ASSERTIONS = NO;
				ENABLE_STRICT_OBJC_MSGSEND = YES;
				GCC_C_LANGUAGE_STANDARD = gnu11;
				GCC_NO_COMMON_BLOCKS = YES;
				GCC_WARN_64_TO_32_BIT_CONVERSION = YES;
				GCC_WARN_ABOUT_RETURN_TYPE = YES_ERROR;
				GCC_WARN_UNDECLARED_SELECTOR = YES;
				GCC_WARN_UNINITIALIZED_AUTOS = YES_AGGRESSIVE;
				GCC_WARN_UNUSED_FUNCTION = YES;
				GCC_WARN_UNUSED_VARIABLE = YES;
				IPHONEOS_DEPLOYMENT_TARGET = 15.5;
				MTL_ENABLE_DEBUG_INFO = NO;
				MTL_FAST_MATH = YES;
				SDKROOT = iphoneos;
				SWIFT_COMPILATION_MODE = wholemodule;
				SWIFT_OPTIMIZATION_LEVEL = "-O";
				VALIDATE_PRODUCT = YES;
			};
			name = Release;
		};
		CCDEC3D1284FD59D0034851B /* Debug */ = {
			isa = XCBuildConfiguration;
			buildSettings = {
				ASSETCATALOG_COMPILER_APPICON_NAME = AppIcon;
				ASSETCATALOG_COMPILER_GLOBAL_ACCENT_COLOR_NAME = AccentColor;
				CODE_SIGN_STYLE = Automatic;
				CURRENT_PROJECT_VERSION = 1;
				DEVELOPMENT_TEAM = N5UCU7JJTZ;
				GENERATE_INFOPLIST_FILE = YES;
				INFOPLIST_FILE = SimplePong/Info.plist;
				INFOPLIST_KEY_UIApplicationSupportsIndirectInputEvents = YES;
				INFOPLIST_KEY_UILaunchStoryboardName = LaunchScreen;
				INFOPLIST_KEY_UIMainStoryboardFile = Main;
				INFOPLIST_KEY_UISupportedInterfaceOrientations = UIInterfaceOrientationPortrait;
				INFOPLIST_KEY_UISupportedInterfaceOrientations_iPad = "UIInterfaceOrientationPortrait UIInterfaceOrientationPortraitUpsideDown UIInterfaceOrientationLandscapeLeft UIInterfaceOrientationLandscapeRight";
				INFOPLIST_KEY_UISupportedInterfaceOrientations_iPhone = "UIInterfaceOrientationPortrait UIInterfaceOrientationLandscapeLeft UIInterfaceOrientationLandscapeRight";
				IPHONEOS_DEPLOYMENT_TARGET = 13.0;
				LD_RUNPATH_SEARCH_PATHS = (
					"$(inherited)",
					"@executable_path/Frameworks",
				);
				MARKETING_VERSION = 1.0;
				PRODUCT_BUNDLE_IDENTIFIER = com.gospodi.SimplePong;
				PRODUCT_NAME = "$(TARGET_NAME)";
				SWIFT_EMIT_LOC_STRINGS = YES;
				SWIFT_VERSION = 5.0;
				TARGETED_DEVICE_FAMILY = 1;
			};
			name = Debug;
		};
		CCDEC3D2284FD59D0034851B /* Release */ = {
			isa = XCBuildConfiguration;
			buildSettings = {
				ASSETCATALOG_COMPILER_APPICON_NAME = AppIcon;
				ASSETCATALOG_COMPILER_GLOBAL_ACCENT_COLOR_NAME = AccentColor;
				CODE_SIGN_STYLE = Automatic;
				CURRENT_PROJECT_VERSION = 1;
				DEVELOPMENT_TEAM = N5UCU7JJTZ;
				GENERATE_INFOPLIST_FILE = YES;
				INFOPLIST_FILE = SimplePong/Info.plist;
				INFOPLIST_KEY_UIApplicationSupportsIndirectInputEvents = YES;
				INFOPLIST_KEY_UILaunchStoryboardName = LaunchScreen;
				INFOPLIST_KEY_UIMainStoryboardFile = Main;
				INFOPLIST_KEY_UISupportedInterfaceOrientations = UIInterfaceOrientationPortrait;
				INFOPLIST_KEY_UISupportedInterfaceOrientations_iPad = "UIInterfaceOrientationPortrait UIInterfaceOrientationPortraitUpsideDown UIInterfaceOrientationLandscapeLeft UIInterfaceOrientationLandscapeRight";
				INFOPLIST_KEY_UISupportedInterfaceOrientations_iPhone = "UIInterfaceOrientationPortrait UIInterfaceOrientationLandscapeLeft UIInterfaceOrientationLandscapeRight";
				IPHONEOS_DEPLOYMENT_TARGET = 13.0;
				LD_RUNPATH_SEARCH_PATHS = (
					"$(inherited)",
					"@executable_path/Frameworks",
				);
				MARKETING_VERSION = 1.0;
				PRODUCT_BUNDLE_IDENTIFIER = com.gospodi.SimplePong;
				PRODUCT_NAME = "$(TARGET_NAME)";
				SWIFT_EMIT_LOC_STRINGS = YES;
				SWIFT_VERSION = 5.0;
				TARGETED_DEVICE_FAMILY = 1;
			};
			name = Release;
		};
/* End XCBuildConfiguration section */

/* Begin XCConfigurationList section */
		CCDEC3B7284FD59A0034851B /* Build configuration list for PBXProject "SimplePong" */ = {
			isa = XCConfigurationList;
			buildConfigurations = (
				CCDEC3CE284FD59D0034851B /* Debug */,
				CCDEC3CF284FD59D0034851B /* Release */,
			);
			defaultConfigurationIsVisible = 0;
			defaultConfigurationName = Release;
		};
		CCDEC3D0284FD59D0034851B /* Build configuration list for PBXNativeTarget "SimplePong" */ = {
			isa = XCConfigurationList;
			buildConfigurations = (
				CCDEC3D1284FD59D0034851B /* Debug */,
				CCDEC3D2284FD59D0034851B /* Release */,
			);
			defaultConfigurationIsVisible = 0;
			defaultConfigurationName = Release;
		};
/* End XCConfigurationList section */
	};
	rootObject = CCDEC3B4284FD59A0034851B /* Project object */;
}
